
Microsoft Visual Studio Solution File, Format Version 12.00
# Visual Studio Version 16
VisualStudioVersion = 16.0.29424.173
MinimumVisualStudioVersion = 10.0.40219.1
Project("{FAE04EC0-301F-11D3-BF4B-00C04F79EFBC}") = "MyCV", "MyCV\MyCV.csproj", "{A6D25903-029A-4342-9348-51D616BAB243}"
EndProject
Global
	GlobalSection(SolutionConfigurationPlatforms) = preSolution
		Debug|Any CPU = Debug|Any CPU
		Release|Any CPU = Release|Any CPU
	EndGlobalSection
	GlobalSection(ProjectConfigurationPlatforms) = postSolution
		{A6D25903-029A-4342-9348-51D616BAB243}.Debug|Any CPU.ActiveCfg = Debug|Any CPU
		{A6D25903-029A-4342-9348-51D616BAB243}.Debug|Any CPU.Build.0 = Debug|Any CPU
		{A6D25903-029A-4342-9348-51D616BAB243}.Release|Any CPU.ActiveCfg = Release|Any CPU
		{A6D25903-029A-4342-9348-51D616BAB243}.Release|Any CPU.Build.0 = Release|Any CPU
	EndGlobalSection
	GlobalSection(SolutionProperties) = preSolution
		HideSolutionNode = FALSE
	EndGlobalSection
	GlobalSection(ExtensibilityGlobals) = postSolution
		SolutionGuid = {B47880E0-2213-4F81-A26F-8190F8203BD8}
	EndGlobalSection
EndGlobal
